
Microsoft Visual Studio Solution File, Format Version 12.00
Project("{FAE04EC0-301F-11D3-BF4B-00C04F79EFBC}") = "Api", "src\Api\Api.csproj", "{B9D17D36-D7CB-4F91-B1CC-C4FA6EF3ABD9}"
EndProject
Project("{FAE04EC0-301F-11D3-BF4B-00C04F79EFBC}") = "Domain", "src\Domain\Domain.csproj", "{EC70EF1A-2D8F-4F58-9DED-B8E1E2A55DC0}"
EndProject
Project("{FAE04EC0-301F-11D3-BF4B-00C04F79EFBC}") = "Infrastructure", "src\Infrastructure\Infrastructure.csproj", "{E6C19A83-77AE-45BA-A884-AD0CDE7A2501}"
EndProject
Global
	GlobalSection(SolutionConfigurationPlatforms) = preSolution
		Debug|Any CPU = Debug|Any CPU
		Release|Any CPU = Release|Any CPU
	EndGlobalSection
	GlobalSection(ProjectConfigurationPlatforms) = postSolution
		{B9D17D36-D7CB-4F91-B1CC-C4FA6EF3ABD9}.Debug|Any CPU.ActiveCfg = Debug|Any CPU
		{B9D17D36-D7CB-4F91-B1CC-C4FA6EF3ABD9}.Debug|Any CPU.Build.0 = Debug|Any CPU
		{B9D17D36-D7CB-4F91-B1CC-C4FA6EF3ABD9}.Release|Any CPU.ActiveCfg = Release|Any CPU
		{B9D17D36-D7CB-4F91-B1CC-C4FA6EF3ABD9}.Release|Any CPU.Build.0 = Release|Any CPU
		{EC70EF1A-2D8F-4F58-9DED-B8E1E2A55DC0}.Debug|Any CPU.ActiveCfg = Debug|Any CPU
		{EC70EF1A-2D8F-4F58-9DED-B8E1E2A55DC0}.Debug|Any CPU.Build.0 = Debug|Any CPU
		{EC70EF1A-2D8F-4F58-9DED-B8E1E2A55DC0}.Release|Any CPU.ActiveCfg = Release|Any CPU
		{EC70EF1A-2D8F-4F58-9DED-B8E1E2A55DC0}.Release|Any CPU.Build.0 = Release|Any CPU
		{E6C19A83-77AE-45BA-A884-AD0CDE7A2501}.Debug|Any CPU.ActiveCfg = Debug|Any CPU
		{E6C19A83-77AE-45BA-A884-AD0CDE7A2501}.Debug|Any CPU.Build.0 = Debug|Any CPU
		{E6C19A83-77AE-45BA-A884-AD0CDE7A2501}.Release|Any CPU.ActiveCfg = Release|Any CPU
		{E6C19A83-77AE-45BA-A884-AD0CDE7A2501}.Release|Any CPU.Build.0 = Release|Any CPU
	EndGlobalSection
EndGlobal
